
Microsoft Visual Studio Solution File, Format Version 12.00
# Visual Studio 15
VisualStudioVersion = 15.0.28307.421
MinimumVisualStudioVersion = 10.0.40219.1
Project("{FAE04EC0-301F-11D3-BF4B-00C04F79EFBC}") = "CRUD-Alumnos", "CRUD-Alumnos\CRUD-Alumnos.csproj", "{6125DE75-C051-424A-AFFD-A46932559A57}"
EndProject
Global
	GlobalSection(SolutionConfigurationPlatforms) = preSolution
		Debug|Any CPU = Debug|Any CPU
		Release|Any CPU = Release|Any CPU
	EndGlobalSection
	GlobalSection(ProjectConfigurationPlatforms) = postSolution
		{6125DE75-C051-424A-AFFD-A46932559A57}.Debug|Any CPU.ActiveCfg = Debug|Any CPU
		{6125DE75-C051-424A-AFFD-A46932559A57}.Debug|Any CPU.Build.0 = Debug|Any CPU
		{6125DE75-C051-424A-AFFD-A46932559A57}.Release|Any CPU.ActiveCfg = Release|Any CPU
		{6125DE75-C051-424A-AFFD-A46932559A57}.Release|Any CPU.Build.0 = Release|Any CPU
	EndGlobalSection
	GlobalSection(SolutionProperties) = preSolution
		HideSolutionNode = FALSE
	EndGlobalSection
	GlobalSection(ExtensibilityGlobals) = postSolution
		SolutionGuid = {49BEB4F8-AB01-4304-B694-5A33A0F93D84}
	EndGlobalSection
EndGlobal
